
Microsoft Visual Studio Solution File, Format Version 12.00
# Visual Studio Version 17
VisualStudioVersion = 17.9.34701.34
MinimumVisualStudioVersion = 10.0.40219.1
Project("{9A19103F-16F7-4668-BE54-9A1E7A4F7556}") = "Amazon.Bedrock.Document.Ggenerator.Poc", "Amazon.Bedrock.Document.Ggenerator.Poc\Amazon.Bedrock.Document.Ggenerator.Poc.csproj", "{54479F09-76D8-403C-B2D1-D71A35AA8FEF}"
EndProject
Project("{9A19103F-16F7-4668-BE54-9A1E7A4F7556}") = "Amazon.Bedrock.Knowledgebases.Rag.Poc", "Amazon.Bedrock.Knowledgebases.Rag.Poc\Amazon.Bedrock.Knowledgebases.Rag.Poc.csproj", "{FB5FF8AB-8E1C-46A1-A006-0C98B7A3DE65}"
EndProject
Project("{9A19103F-16F7-4668-BE54-9A1E7A4F7556}") = "Amazon.Bedrock.Rag.Kendra.Poc", "Amazon.Bedrock.Rag.Kendra.Poc\Amazon.Bedrock.Rag.Kendra.Poc.csproj", "{4DBBEA9B-A3E3-4105-9AF1-47ED16647CCD}"
EndProject
Global
	GlobalSection(SolutionConfigurationPlatforms) = preSolution
		Debug|Any CPU = Debug|Any CPU
		Release|Any CPU = Release|Any CPU
	EndGlobalSection
	GlobalSection(ProjectConfigurationPlatforms) = postSolution
		{54479F09-76D8-403C-B2D1-D71A35AA8FEF}.Debug|Any CPU.ActiveCfg = Debug|Any CPU
		{54479F09-76D8-403C-B2D1-D71A35AA8FEF}.Debug|Any CPU.Build.0 = Debug|Any CPU
		{54479F09-76D8-403C-B2D1-D71A35AA8FEF}.Release|Any CPU.ActiveCfg = Release|Any CPU
		{54479F09-76D8-403C-B2D1-D71A35AA8FEF}.Release|Any CPU.Build.0 = Release|Any CPU
		{FB5FF8AB-8E1C-46A1-A006-0C98B7A3DE65}.Debug|Any CPU.ActiveCfg = Debug|Any CPU
		{FB5FF8AB-8E1C-46A1-A006-0C98B7A3DE65}.Debug|Any CPU.Build.0 = Debug|Any CPU
		{FB5FF8AB-8E1C-46A1-A006-0C98B7A3DE65}.Release|Any CPU.ActiveCfg = Release|Any CPU
		{FB5FF8AB-8E1C-46A1-A006-0C98B7A3DE65}.Release|Any CPU.Build.0 = Release|Any CPU
		{4DBBEA9B-A3E3-4105-9AF1-47ED16647CCD}.Debug|Any CPU.ActiveCfg = Debug|Any CPU
		{4DBBEA9B-A3E3-4105-9AF1-47ED16647CCD}.Debug|Any CPU.Build.0 = Debug|Any CPU
		{4DBBEA9B-A3E3-4105-9AF1-47ED16647CCD}.Release|Any CPU.ActiveCfg = Release|Any CPU
		{4DBBEA9B-A3E3-4105-9AF1-47ED16647CCD}.Release|Any CPU.Build.0 = Release|Any CPU
	EndGlobalSection
	GlobalSection(SolutionProperties) = preSolution
		HideSolutionNode = FALSE
	EndGlobalSection
	GlobalSection(ExtensibilityGlobals) = postSolution
		SolutionGuid = {C0807042-3C9E-4B12-AEA1-B99E7CB75C23}
	EndGlobalSection
EndGlobal
