
Microsoft Visual Studio Solution File, Format Version 12.00
# Visual Studio Version 17
VisualStudioVersion = 17.9.34701.34
MinimumVisualStudioVersion = 10.0.40219.1
Project("{9A19103F-16F7-4668-BE54-9A1E7A4F7556}") = "QuickStart", "QuickStart\QuickStart.csproj", "{8C9C6C52-3CED-4AD3-9682-D8B9F428EE9A}"
EndProject
Global
	GlobalSection(SolutionConfigurationPlatforms) = preSolution
		Debug|Any CPU = Debug|Any CPU
		Release|Any CPU = Release|Any CPU
	EndGlobalSection
	GlobalSection(ProjectConfigurationPlatforms) = postSolution
		{8C9C6C52-3CED-4AD3-9682-D8B9F428EE9A}.Debug|Any CPU.ActiveCfg = Debug|Any CPU
		{8C9C6C52-3CED-4AD3-9682-D8B9F428EE9A}.Debug|Any CPU.Build.0 = Debug|Any CPU
		{8C9C6C52-3CED-4AD3-9682-D8B9F428EE9A}.Release|Any CPU.ActiveCfg = Release|Any CPU
		{8C9C6C52-3CED-4AD3-9682-D8B9F428EE9A}.Release|Any CPU.Build.0 = Release|Any CPU
	EndGlobalSection
	GlobalSection(SolutionProperties) = preSolution
		HideSolutionNode = FALSE
	EndGlobalSection
	GlobalSection(ExtensibilityGlobals) = postSolution
		SolutionGuid = {C0807042-3C9E-4B12-AEA1-B99E7CB75C23}
	EndGlobalSection
EndGlobal
